
Microsoft Visual Studio Solution File, Format Version 12.00
# Visual Studio Version 17
VisualStudioVersion = 17.9.34728.123
MinimumVisualStudioVersion = 10.0.40219.1
Project("{FAE04EC0-301F-11D3-BF4B-00C04F79EFBC}") = "Prometheus", "Prometheus\Prometheus.csproj", "{7FF3C615-DAA1-4DBA-AAE6-E02A852F038A}"
EndProject
Global
	GlobalSection(SolutionConfigurationPlatforms) = preSolution
		Debug|Any CPU = Debug|Any CPU
		Release|Any CPU = Release|Any CPU
	EndGlobalSection
	GlobalSection(ProjectConfigurationPlatforms) = postSolution
		{7FF3C615-DAA1-4DBA-AAE6-E02A852F038A}.Debug|Any CPU.ActiveCfg = Debug|Any CPU
		{7FF3C615-DAA1-4DBA-AAE6-E02A852F038A}.Debug|Any CPU.Build.0 = Debug|Any CPU
		{7FF3C615-DAA1-4DBA-AAE6-E02A852F038A}.Release|Any CPU.ActiveCfg = Release|Any CPU
		{7FF3C615-DAA1-4DBA-AAE6-E02A852F038A}.Release|Any CPU.Build.0 = Release|Any CPU
	EndGlobalSection
	GlobalSection(SolutionProperties) = preSolution
		HideSolutionNode = FALSE
	EndGlobalSection
	GlobalSection(ExtensibilityGlobals) = postSolution
		SolutionGuid = {525C2311-6433-4DC5-87B8-AE3AC8BAD740}
	EndGlobalSection
EndGlobal
