
Microsoft Visual Studio Solution File, Format Version 12.00
# Visual Studio Version 17
VisualStudioVersion = 17.9.34728.123
MinimumVisualStudioVersion = 10.0.40219.1
Project("{9A19103F-16F7-4668-BE54-9A1E7A4F7556}") = "Prometheus", "Prometheus\Prometheus.csproj", "{7FF3C615-DAA1-4DBA-AAE6-E02A852F038A}"
EndProject
Project("{FAE04EC0-301F-11D3-BF4B-00C04F79EFBC}") = "Dpk.Observability", "Dpk.Observability\Dpk.Observability\Dpk.Observability.csproj", "{3EE62D4C-6BDF-4243-AA32-5607D88109D0}"
EndProject
Project("{FAE04EC0-301F-11D3-BF4B-00C04F79EFBC}") = "TestPackage", "Testpackage\TestPackage\TestPackage.csproj", "{BA099E30-B5E0-41ED-AA87-C5D75FCB92B7}"
EndProject
Global
	GlobalSection(SolutionConfigurationPlatforms) = preSolution
		Debug|Any CPU = Debug|Any CPU
		Release|Any CPU = Release|Any CPU
	EndGlobalSection
	GlobalSection(ProjectConfigurationPlatforms) = postSolution
		{7FF3C615-DAA1-4DBA-AAE6-E02A852F038A}.Debug|Any CPU.ActiveCfg = Debug|Any CPU
		{7FF3C615-DAA1-4DBA-AAE6-E02A852F038A}.Debug|Any CPU.Build.0 = Debug|Any CPU
		{7FF3C615-DAA1-4DBA-AAE6-E02A852F038A}.Release|Any CPU.ActiveCfg = Release|Any CPU
		{7FF3C615-DAA1-4DBA-AAE6-E02A852F038A}.Release|Any CPU.Build.0 = Release|Any CPU
		{3EE62D4C-6BDF-4243-AA32-5607D88109D0}.Debug|Any CPU.ActiveCfg = Debug|Any CPU
		{3EE62D4C-6BDF-4243-AA32-5607D88109D0}.Debug|Any CPU.Build.0 = Debug|Any CPU
		{3EE62D4C-6BDF-4243-AA32-5607D88109D0}.Release|Any CPU.ActiveCfg = Release|Any CPU
		{3EE62D4C-6BDF-4243-AA32-5607D88109D0}.Release|Any CPU.Build.0 = Release|Any CPU
		{BA099E30-B5E0-41ED-AA87-C5D75FCB92B7}.Debug|Any CPU.ActiveCfg = Debug|Any CPU
		{BA099E30-B5E0-41ED-AA87-C5D75FCB92B7}.Debug|Any CPU.Build.0 = Debug|Any CPU
		{BA099E30-B5E0-41ED-AA87-C5D75FCB92B7}.Release|Any CPU.ActiveCfg = Release|Any CPU
		{BA099E30-B5E0-41ED-AA87-C5D75FCB92B7}.Release|Any CPU.Build.0 = Release|Any CPU
	EndGlobalSection
	GlobalSection(SolutionProperties) = preSolution
		HideSolutionNode = FALSE
	EndGlobalSection
	GlobalSection(ExtensibilityGlobals) = postSolution
		SolutionGuid = {525C2311-6433-4DC5-87B8-AE3AC8BAD740}
	EndGlobalSection
EndGlobal
